
Microsoft Visual Studio Solution File, Format Version 12.00
# Visual Studio Version 17
VisualStudioVersion = 17.0.31903.59
MinimumVisualStudioVersion = 10.0.40219.1
Project("{9A19103F-16F7-4668-BE54-9A1E7A4F7556}") = "Dima.Core", "Dima.Core\Dima.Core.csproj", "{5DD41CEE-6F19-4DB8-982F-C6B15A5F3BB7}"
EndProject
Project("{9A19103F-16F7-4668-BE54-9A1E7A4F7556}") = "Dima.Api", "Dima.Api\Dima.Api.csproj", "{7B5B276B-68A5-42D0-880E-BD0642709C34}"
EndProject
Project("{9A19103F-16F7-4668-BE54-9A1E7A4F7556}") = "Dima.Web", "Dima.Web\Dima.Web.csproj", "{1D1A8D02-507D-4C0C-B393-10F8D15E12FD}"
EndProject
Global
	GlobalSection(SolutionConfigurationPlatforms) = preSolution
		Debug|Any CPU = Debug|Any CPU
		Release|Any CPU = Release|Any CPU
	EndGlobalSection
	GlobalSection(ProjectConfigurationPlatforms) = postSolution
		{5DD41CEE-6F19-4DB8-982F-C6B15A5F3BB7}.Debug|Any CPU.ActiveCfg = Debug|Any CPU
		{5DD41CEE-6F19-4DB8-982F-C6B15A5F3BB7}.Debug|Any CPU.Build.0 = Debug|Any CPU
		{5DD41CEE-6F19-4DB8-982F-C6B15A5F3BB7}.Release|Any CPU.ActiveCfg = Release|Any CPU
		{5DD41CEE-6F19-4DB8-982F-C6B15A5F3BB7}.Release|Any CPU.Build.0 = Release|Any CPU
		{7B5B276B-68A5-42D0-880E-BD0642709C34}.Debug|Any CPU.ActiveCfg = Debug|Any CPU
		{7B5B276B-68A5-42D0-880E-BD0642709C34}.Debug|Any CPU.Build.0 = Debug|Any CPU
		{7B5B276B-68A5-42D0-880E-BD0642709C34}.Release|Any CPU.ActiveCfg = Release|Any CPU
		{7B5B276B-68A5-42D0-880E-BD0642709C34}.Release|Any CPU.Build.0 = Release|Any CPU
		{1D1A8D02-507D-4C0C-B393-10F8D15E12FD}.Debug|Any CPU.ActiveCfg = Debug|Any CPU
		{1D1A8D02-507D-4C0C-B393-10F8D15E12FD}.Debug|Any CPU.Build.0 = Debug|Any CPU
		{1D1A8D02-507D-4C0C-B393-10F8D15E12FD}.Release|Any CPU.ActiveCfg = Release|Any CPU
		{1D1A8D02-507D-4C0C-B393-10F8D15E12FD}.Release|Any CPU.Build.0 = Release|Any CPU
	EndGlobalSection
	GlobalSection(SolutionProperties) = preSolution
		HideSolutionNode = FALSE
	EndGlobalSection
	GlobalSection(ExtensibilityGlobals) = postSolution
		SolutionGuid = {7DC9F4D5-1A47-41A1-BF62-70E3577D6881}
	EndGlobalSection
EndGlobal
